
Microsoft Visual Studio Solution File, Format Version 12.00
# Visual Studio Version 17
VisualStudioVersion = 17.4.33213.308
MinimumVisualStudioVersion = 10.0.40219.1
Project("{9A19103F-16F7-4668-BE54-9A1E7A4F7556}") = "SharepointDatalakeConnector.Service", "SharepointDatalakeConnector.Service\SharepointDatalakeConnector.Service.csproj", "{059BEF59-F123-4A7E-9FF6-5F9F935DA071}"
EndProject
Project("{FAE04EC0-301F-11D3-BF4B-00C04F79EFBC}") = "SharepointDatalakeFunction", "SharepointDatalakeFunction\SharepointDatalakeFunction.csproj", "{AFC9957D-F367-48DF-BA44-6A0E2EB6A101}"
EndProject
Global
	GlobalSection(SolutionConfigurationPlatforms) = preSolution
		Debug|Any CPU = Debug|Any CPU
		Release|Any CPU = Release|Any CPU
	EndGlobalSection
	GlobalSection(ProjectConfigurationPlatforms) = postSolution
		{059BEF59-F123-4A7E-9FF6-5F9F935DA071}.Debug|Any CPU.ActiveCfg = Debug|Any CPU
		{059BEF59-F123-4A7E-9FF6-5F9F935DA071}.Debug|Any CPU.Build.0 = Debug|Any CPU
		{059BEF59-F123-4A7E-9FF6-5F9F935DA071}.Release|Any CPU.ActiveCfg = Release|Any CPU
		{059BEF59-F123-4A7E-9FF6-5F9F935DA071}.Release|Any CPU.Build.0 = Release|Any CPU
		{AFC9957D-F367-48DF-BA44-6A0E2EB6A101}.Debug|Any CPU.ActiveCfg = Debug|Any CPU
		{AFC9957D-F367-48DF-BA44-6A0E2EB6A101}.Debug|Any CPU.Build.0 = Debug|Any CPU
		{AFC9957D-F367-48DF-BA44-6A0E2EB6A101}.Release|Any CPU.ActiveCfg = Release|Any CPU
		{AFC9957D-F367-48DF-BA44-6A0E2EB6A101}.Release|Any CPU.Build.0 = Release|Any CPU
	EndGlobalSection
	GlobalSection(SolutionProperties) = preSolution
		HideSolutionNode = FALSE
	EndGlobalSection
	GlobalSection(ExtensibilityGlobals) = postSolution
		SolutionGuid = {246A13F6-C2AC-4ED1-B8EC-2F0585729D51}
	EndGlobalSection
EndGlobal
